{
  "lockfile_version": "1",
  "packages": {
    "github:NixOS/nixpkgs/nixpkgs-unstable": {
      "last_modified": "2026-06-01T17:55:45Z",
      "resolved": "github:NixOS/nixpkgs/4df1b885d76a54e1aa1a318f8d16fd6005b6401f?lastModified=1780336545"
    },
    "go-task@3.48.0": {
      "last_modified": "2026-08-01T16:34:20Z",
      "resolved": "github:NixOS/nixpkgs/a5cbcfe954791221bfffe2307f7d1a1bf61a871e#go-task",
      "source": "devbox-search",
      "version": "3.48.0",
      "systems": {
        "aarch64-darwin": {
          "outputs": [
            {
              "name": "out",
              "path": "/nix/store/wz6jrv59c01rqzaij5qri7ml7xw69jhh-go-task-3.48.0",
              "default": true
            }
          ],
          "store_path": "/nix/store/wz6jrv59c01rqzaij5qri7ml7xw69jhh-go-task-3.48.0"
        },
        "aarch64-linux": {
          "outputs": [
            {
              "name": "out",
              "path": "/nix/store/9sra1gbcfli5hy0as8wwp13c1gi5prw6-go-task-3.48.0",
              "default": true
            }
          ],
          "store_path": "/nix/store/9sra1gbcfli5hy0as8wwp13c1gi5prw6-go-task-3.48.0"
        },
        "x86_64-darwin": {
          "outputs": [
            {
              "name": "out",
              "path": "/nix/store/q7mxf9b9kcphb3lxrzn4mqazb9nrvlnz-go-task-3.48.0",
              "default": true
            }
          ],
          "store_path": "/nix/store/q7mxf9b9kcphb3lxrzn4mqazb9nrvlnz-go-task-3.48.0"
        },
        "x86_64-linux": {
          "outputs": [
            {
              "name": "out",
              "path": "/nix/store/72lkcbkm5ki6af8dwy95nxqyv4g4lw2b-go-task-3.48.0",
              "default": true
            }
          ],
          "store_path": "/nix/store/72lkcbkm5ki6af8dwy95nxqyv4g4lw2b-go-task-3.48.0"
        }
      }
    },
    "python@3.15.0": {
      "last_modified": "2026-08-05T07:53:23Z",
      "plugin_version": "0.0.5",
      "resolved": "github:NixOS/nixpkgs/3a971fa2e67dcb0f2f2cfed2d37e7956567d73d1#python315",
      "source": "devbox-search",
      "version": "3.15.0rc1",
      "systems": {
        "aarch64-darwin": {
          "outputs": [
            {
              "name": "out",
              "path": "/nix/store/vmm81f1gfam1v5is88065slffa5w9knv-python3-3.15.0rc1",
              "default": true
            }
          ],
          "store_path": "/nix/store/vmm81f1gfam1v5is88065slffa5w9knv-python3-3.15.0rc1"
        },
        "aarch64-linux": {
          "outputs": [
            {
              "name": "out",
              "path": "/nix/store/fal38qxhb3ldz0ph3nw81vn9wv5jfx5l-python3-3.15.0rc1",
              "default": true
            },
            {
              "name": "debug",
              "path": "/nix/store/w9sfyhiyl8ixyxpknfldz4dzayajsqvy-python3-3.15.0rc1-debug"
            }
          ],
          "store_path": "/nix/store/fal38qxhb3ldz0ph3nw81vn9wv5jfx5l-python3-3.15.0rc1"
        },
        "x86_64-linux": {
          "outputs": [
            {
              "name": "out",
              "path": "/nix/store/0la4zgh87fjsy6f8jx3wxws63nx89wv4-python3-3.15.0rc1",
              "default": true
            },
            {
              "name": "debug",
              "path": "/nix/store/5v4y63rq5wcj494idgrpx1i25a99vb7m-python3-3.15.0rc1-debug"
            }
          ],
          "store_path": "/nix/store/0la4zgh87fjsy6f8jx3wxws63nx89wv4-python3-3.15.0rc1"
        }
      }
    },
    "ruff@0.16.2": {
      "last_modified": "2026-08-10T07:49:06Z",
      "resolved": "github:NixOS/nixpkgs/d482ef84049d9b7276b83a06e4e4d76983830097#ruff",
      "source": "devbox-search",
      "version": "0.16.2",
      "systems": {
        "aarch64-darwin": {
          "outputs": [
            {
              "name": "out",
              "path": "/nix/store/jb4fbxpd4r942hn549y98lcx0qfhshb0-ruff-0.16.2",
              "default": true
            }
          ],
          "store_path": "/nix/store/jb4fbxpd4r942hn549y98lcx0qfhshb0-ruff-0.16.2"
        },
        "aarch64-linux": {
          "outputs": [
            {
              "name": "out",
              "path": "/nix/store/ld3df429gpzx6fmgd7bqqb1ivbpd6bwj-ruff-0.16.2",
              "default": true
            }
          ],
          "store_path": "/nix/store/ld3df429gpzx6fmgd7bqqb1ivbpd6bwj-ruff-0.16.2"
        },
        "x86_64-linux": {
          "outputs": [
            {
              "name": "out",
              "path": "/nix/store/ayqz62620xv7v0z80wprjb3q2prm9s0j-ruff-0.16.2",
              "default": true
            }
          ],
          "store_path": "/nix/store/ayqz62620xv7v0z80wprjb3q2prm9s0j-ruff-0.16.2"
        }
      }
    },
    "web-ext@8.10.0": {
      "last_modified": "2026-05-21T08:15:18Z",
      "resolved": "github:NixOS/nixpkgs/4a29d733e8a7d5b824c3d8c958a946a9867b3eb2#web-ext",
      "source": "devbox-search",
      "version": "8.10.0",
      "systems": {
        "aarch64-darwin": {
          "outputs": [
            {
              "name": "out",
              "path": "/nix/store/kp8700v613pddaxd4bjh12mmn7rldwfs-web-ext-8.10.0",
              "default": true
            }
          ],
          "store_path": "/nix/store/kp8700v613pddaxd4bjh12mmn7rldwfs-web-ext-8.10.0"
        },
        "aarch64-linux": {
          "outputs": [
            {
              "name": "out",
              "path": "/nix/store/xz79bz2sdxmsn1yk2zknxla3n1k11mpg-web-ext-8.10.0",
              "default": true
            }
          ],
          "store_path": "/nix/store/xz79bz2sdxmsn1yk2zknxla3n1k11mpg-web-ext-8.10.0"
        },
        "x86_64-darwin": {
          "outputs": [
            {
              "name": "out",
              "path": "/nix/store/kd58vfsnmnbrf3q506rs455vp1kwk5f8-web-ext-8.10.0",
              "default": true
            }
          ],
          "store_path": "/nix/store/kd58vfsnmnbrf3q506rs455vp1kwk5f8-web-ext-8.10.0"
        },
        "x86_64-linux": {
          "outputs": [
            {
              "name": "out",
              "path": "/nix/store/3nzn2k2aym9gjf1z0d7ilj8dkr7hsl0m-web-ext-8.10.0",
              "default": true
            }
          ],
          "store_path": "/nix/store/3nzn2k2aym9gjf1z0d7ilj8dkr7hsl0m-web-ext-8.10.0"
        }
      }
    }
  }
}
