{
  "lockfile_version": "1",
  "packages": {
    "github:NixOS/nixpkgs/nixpkgs-unstable": {
      "last_modified": "2026-06-01T17:55:45Z",
      "resolved": "github:NixOS/nixpkgs/4df1b885d76a54e1aa1a318f8d16fd6005b6401f?lastModified=1780336545"
    },
    "go-task@3.48.0": {
      "last_modified": "2026-08-01T16:34:20Z",
      "resolved": "github:NixOS/nixpkgs/a5cbcfe954791221bfffe2307f7d1a1bf61a871e#go-task",
      "source": "devbox-search",
      "version": "3.48.0",
      "systems": {
        "aarch64-darwin": {
          "outputs": [
            {
              "name": "out",
              "path": "/nix/store/wz6jrv59c01rqzaij5qri7ml7xw69jhh-go-task-3.48.0",
              "default": true
            }
          ],
          "store_path": "/nix/store/wz6jrv59c01rqzaij5qri7ml7xw69jhh-go-task-3.48.0"
        },
        "aarch64-linux": {
          "outputs": [
            {
              "name": "out",
              "path": "/nix/store/9sra1gbcfli5hy0as8wwp13c1gi5prw6-go-task-3.48.0",
              "default": true
            }
          ],
          "store_path": "/nix/store/9sra1gbcfli5hy0as8wwp13c1gi5prw6-go-task-3.48.0"
        },
        "x86_64-darwin": {
          "outputs": [
            {
              "name": "out",
              "path": "/nix/store/q7mxf9b9kcphb3lxrzn4mqazb9nrvlnz-go-task-3.48.0",
              "default": true
            }
          ],
          "store_path": "/nix/store/q7mxf9b9kcphb3lxrzn4mqazb9nrvlnz-go-task-3.48.0"
        },
        "x86_64-linux": {
          "outputs": [
            {
              "name": "out",
              "path": "/nix/store/72lkcbkm5ki6af8dwy95nxqyv4g4lw2b-go-task-3.48.0",
              "default": true
            }
          ],
          "store_path": "/nix/store/72lkcbkm5ki6af8dwy95nxqyv4g4lw2b-go-task-3.48.0"
        }
      }
    },
    "jq@1.8.2": {
      "last_modified": "2026-08-05T07:53:23Z",
      "resolved": "github:NixOS/nixpkgs/3a971fa2e67dcb0f2f2cfed2d37e7956567d73d1#jq",
      "source": "devbox-search",
      "version": "1.8.2",
      "systems": {
        "aarch64-darwin": {
          "outputs": [
            {
              "name": "bin",
              "path": "/nix/store/si622aj9znsy96kdwsrg54dxzp9m35qw-jq-1.8.2-bin",
              "default": true
            },
            {
              "name": "man",
              "path": "/nix/store/jp2c61il2ycagni1j5c1jrglnypvbf5k-jq-1.8.2-man",
              "default": true
            },
            {
              "name": "dev",
              "path": "/nix/store/zcvl9cnw5a44f74gw8aa8fh8cfynjc76-jq-1.8.2-dev"
            },
            {
              "name": "doc",
              "path": "/nix/store/4s66blj2afdqbzaq8ilw30v7kpjb6ypw-jq-1.8.2-doc"
            },
            {
              "name": "out",
              "path": "/nix/store/z28yr7h99fi3mch4dh3bc50bjk6malsl-jq-1.8.2"
            }
          ],
          "store_path": "/nix/store/si622aj9znsy96kdwsrg54dxzp9m35qw-jq-1.8.2-bin"
        },
        "aarch64-linux": {
          "outputs": [
            {
              "name": "bin",
              "path": "/nix/store/rjaclwgima9ssysv7v0h2hq46g8sikd4-jq-1.8.2-bin",
              "default": true
            },
            {
              "name": "man",
              "path": "/nix/store/1w15pijismpwnainv71a6pdnsypjnqg7-jq-1.8.2-man",
              "default": true
            },
            {
              "name": "dev",
              "path": "/nix/store/yy0mx8yjmzkk154mmp1vx4b0kz0ndw6y-jq-1.8.2-dev"
            },
            {
              "name": "doc",
              "path": "/nix/store/yqx0xva9dq6rnvxgwcadrmni1l8ympa1-jq-1.8.2-doc"
            },
            {
              "name": "out",
              "path": "/nix/store/0x995g1z807ynhzsh2f6yj0jsw6pr50f-jq-1.8.2"
            }
          ],
          "store_path": "/nix/store/rjaclwgima9ssysv7v0h2hq46g8sikd4-jq-1.8.2-bin"
        },
        "x86_64-linux": {
          "outputs": [
            {
              "name": "bin",
              "path": "/nix/store/4b6f9wb1qak318gk7mxlfkhril6lxpcx-jq-1.8.2-bin",
              "default": true
            },
            {
              "name": "man",
              "path": "/nix/store/4zwaa20khsi2drbg16i5z3wxbjf88mm6-jq-1.8.2-man",
              "default": true
            },
            {
              "name": "dev",
              "path": "/nix/store/sp8a7n50g32lzzsc7dz09ry2vc9bh4y0-jq-1.8.2-dev"
            },
            {
              "name": "doc",
              "path": "/nix/store/dp4rs4vpwp44c7vvgskj1hly0d6xqf2m-jq-1.8.2-doc"
            },
            {
              "name": "out",
              "path": "/nix/store/z438hrlp3j75bpmq87ymzabb8vrda8ps-jq-1.8.2"
            }
          ],
          "store_path": "/nix/store/4b6f9wb1qak318gk7mxlfkhril6lxpcx-jq-1.8.2-bin"
        }
      }
    },
    "web-ext@8.10.0": {
      "last_modified": "2026-05-21T08:15:18Z",
      "resolved": "github:NixOS/nixpkgs/4a29d733e8a7d5b824c3d8c958a946a9867b3eb2#web-ext",
      "source": "devbox-search",
      "version": "8.10.0",
      "systems": {
        "aarch64-darwin": {
          "outputs": [
            {
              "name": "out",
              "path": "/nix/store/kp8700v613pddaxd4bjh12mmn7rldwfs-web-ext-8.10.0",
              "default": true
            }
          ],
          "store_path": "/nix/store/kp8700v613pddaxd4bjh12mmn7rldwfs-web-ext-8.10.0"
        },
        "aarch64-linux": {
          "outputs": [
            {
              "name": "out",
              "path": "/nix/store/xz79bz2sdxmsn1yk2zknxla3n1k11mpg-web-ext-8.10.0",
              "default": true
            }
          ],
          "store_path": "/nix/store/xz79bz2sdxmsn1yk2zknxla3n1k11mpg-web-ext-8.10.0"
        },
        "x86_64-darwin": {
          "outputs": [
            {
              "name": "out",
              "path": "/nix/store/kd58vfsnmnbrf3q506rs455vp1kwk5f8-web-ext-8.10.0",
              "default": true
            }
          ],
          "store_path": "/nix/store/kd58vfsnmnbrf3q506rs455vp1kwk5f8-web-ext-8.10.0"
        },
        "x86_64-linux": {
          "outputs": [
            {
              "name": "out",
              "path": "/nix/store/3nzn2k2aym9gjf1z0d7ilj8dkr7hsl0m-web-ext-8.10.0",
              "default": true
            }
          ],
          "store_path": "/nix/store/3nzn2k2aym9gjf1z0d7ilj8dkr7hsl0m-web-ext-8.10.0"
        }
      }
    }
  }
}
